
Microsoft Visual Studio Solution File, Format Version 12.00
# Visual Studio Version 17
VisualStudioVersion = 17.1.32228.430
MinimumVisualStudioVersion = 10.0.40219.1
Project("{9A19103F-16F7-4668-BE54-9A1E7A4F7556}") = "SocialMediaPlanner.Server", "SocialMediaPlanner\Server\SocialMediaPlanner.Server.csproj", "{F7ACCEA6-3B83-47FF-AC8B-F30736E0D58C}"
EndProject
Project("{9A19103F-16F7-4668-BE54-9A1E7A4F7556}") = "SocialMediaPlanner.Client", "SocialMediaPlanner\Client\SocialMediaPlanner.Client.csproj", "{BC57D59A-A114-4B4C-81F4-EA99D88E09EB}"
EndProject
Project("{9A19103F-16F7-4668-BE54-9A1E7A4F7556}") = "SocialMediaPlanner.Shared", "SocialMediaPlanner\Shared\SocialMediaPlanner.Shared.csproj", "{51C118A4-61E9-452A-8F83-59882120672A}"
EndProject
Project("{FAE04EC0-301F-11D3-BF4B-00C04F79EFBC}") = "SocialMediaPlanner.Application", "SocialMediaPlanner.Application\SocialMediaPlanner.Application.csproj", "{BE355E75-E0F9-410B-B50B-E514EF70FAFD}"
EndProject
Project("{FAE04EC0-301F-11D3-BF4B-00C04F79EFBC}") = "SocialMediaPlanner.Domain", "SocialMediaPlanner.Domain\SocialMediaPlanner.Domain.csproj", "{67A0D26F-07F1-4104-AAEC-62581E38C1EF}"
EndProject
Project("{FAE04EC0-301F-11D3-BF4B-00C04F79EFBC}") = "SocialMediaPlanner.Persistance", "SocialMediaPlanner.Persistance\SocialMediaPlanner.Persistance.csproj", "{FB147DF5-E90D-4E46-8862-817799547BD8}"
EndProject
Project("{FAE04EC0-301F-11D3-BF4B-00C04F79EFBC}") = "SocialMediaPlanner.Infrastructure", "SocialMediaPlanner.Infrastructure\SocialMediaPlanner.Infrastructure.csproj", "{552F80FC-6682-4086-B343-E5F49166FCA8}"
EndProject
Project("{2150E333-8FDC-42A3-9474-1A3956D46DE8}") = "Application", "Application", "{3E0D6111-1C5E-4E87-A670-C5FED7833D9A}"
EndProject
Project("{2150E333-8FDC-42A3-9474-1A3956D46DE8}") = "Domain", "Domain", "{AA28FB80-401A-4F1A-89E4-4FA5036635DC}"
EndProject
Project("{2150E333-8FDC-42A3-9474-1A3956D46DE8}") = "Infrastructure", "Infrastructure", "{0E380107-B07A-4022-808B-A18999C9ED9A}"
EndProject
Project("{2150E333-8FDC-42A3-9474-1A3956D46DE8}") = "Presentation", "Presentation", "{35FF94C8-D39D-444B-A512-5CC219770207}"
EndProject
Project("{2150E333-8FDC-42A3-9474-1A3956D46DE8}") = "Shared", "Shared", "{FAA93542-9940-40D9-98C9-AC2AD69991E0}"
EndProject
Global
	GlobalSection(SolutionConfigurationPlatforms) = preSolution
		Debug|Any CPU = Debug|Any CPU
		Release|Any CPU = Release|Any CPU
	EndGlobalSection
	GlobalSection(ProjectConfigurationPlatforms) = postSolution
		{F7ACCEA6-3B83-47FF-AC8B-F30736E0D58C}.Debug|Any CPU.ActiveCfg = Debug|Any CPU
		{F7ACCEA6-3B83-47FF-AC8B-F30736E0D58C}.Debug|Any CPU.Build.0 = Debug|Any CPU
		{F7ACCEA6-3B83-47FF-AC8B-F30736E0D58C}.Release|Any CPU.ActiveCfg = Release|Any CPU
		{F7ACCEA6-3B83-47FF-AC8B-F30736E0D58C}.Release|Any CPU.Build.0 = Release|Any CPU
		{BC57D59A-A114-4B4C-81F4-EA99D88E09EB}.Debug|Any CPU.ActiveCfg = Debug|Any CPU
		{BC57D59A-A114-4B4C-81F4-EA99D88E09EB}.Debug|Any CPU.Build.0 = Debug|Any CPU
		{BC57D59A-A114-4B4C-81F4-EA99D88E09EB}.Release|Any CPU.ActiveCfg = Release|Any CPU
		{BC57D59A-A114-4B4C-81F4-EA99D88E09EB}.Release|Any CPU.Build.0 = Release|Any CPU
		{51C118A4-61E9-452A-8F83-59882120672A}.Debug|Any CPU.ActiveCfg = Debug|Any CPU
		{51C118A4-61E9-452A-8F83-59882120672A}.Debug|Any CPU.Build.0 = Debug|Any CPU
		{51C118A4-61E9-452A-8F83-59882120672A}.Release|Any CPU.ActiveCfg = Release|Any CPU
		{51C118A4-61E9-452A-8F83-59882120672A}.Release|Any CPU.Build.0 = Release|Any CPU
		{BE355E75-E0F9-410B-B50B-E514EF70FAFD}.Debug|Any CPU.ActiveCfg = Debug|Any CPU
		{BE355E75-E0F9-410B-B50B-E514EF70FAFD}.Debug|Any CPU.Build.0 = Debug|Any CPU
		{BE355E75-E0F9-410B-B50B-E514EF70FAFD}.Release|Any CPU.ActiveCfg = Release|Any CPU
		{BE355E75-E0F9-410B-B50B-E514EF70FAFD}.Release|Any CPU.Build.0 = Release|Any CPU
		{67A0D26F-07F1-4104-AAEC-62581E38C1EF}.Debug|Any CPU.ActiveCfg = Debug|Any CPU
		{67A0D26F-07F1-4104-AAEC-62581E38C1EF}.Debug|Any CPU.Build.0 = Debug|Any CPU
		{67A0D26F-07F1-4104-AAEC-62581E38C1EF}.Release|Any CPU.ActiveCfg = Release|Any CPU
		{67A0D26F-07F1-4104-AAEC-62581E38C1EF}.Release|Any CPU.Build.0 = Release|Any CPU
		{FB147DF5-E90D-4E46-8862-817799547BD8}.Debug|Any CPU.ActiveCfg = Debug|Any CPU
		{FB147DF5-E90D-4E46-8862-817799547BD8}.Debug|Any CPU.Build.0 = Debug|Any CPU
		{FB147DF5-E90D-4E46-8862-817799547BD8}.Release|Any CPU.ActiveCfg = Release|Any CPU
		{FB147DF5-E90D-4E46-8862-817799547BD8}.Release|Any CPU.Build.0 = Release|Any CPU
		{552F80FC-6682-4086-B343-E5F49166FCA8}.Debug|Any CPU.ActiveCfg = Debug|Any CPU
		{552F80FC-6682-4086-B343-E5F49166FCA8}.Debug|Any CPU.Build.0 = Debug|Any CPU
		{552F80FC-6682-4086-B343-E5F49166FCA8}.Release|Any CPU.ActiveCfg = Release|Any CPU
		{552F80FC-6682-4086-B343-E5F49166FCA8}.Release|Any CPU.Build.0 = Release|Any CPU
	EndGlobalSection
	GlobalSection(SolutionProperties) = preSolution
		HideSolutionNode = FALSE
	EndGlobalSection
	GlobalSection(NestedProjects) = preSolution
		{F7ACCEA6-3B83-47FF-AC8B-F30736E0D58C} = {35FF94C8-D39D-444B-A512-5CC219770207}
		{BC57D59A-A114-4B4C-81F4-EA99D88E09EB} = {35FF94C8-D39D-444B-A512-5CC219770207}
		{51C118A4-61E9-452A-8F83-59882120672A} = {FAA93542-9940-40D9-98C9-AC2AD69991E0}
		{BE355E75-E0F9-410B-B50B-E514EF70FAFD} = {3E0D6111-1C5E-4E87-A670-C5FED7833D9A}
		{67A0D26F-07F1-4104-AAEC-62581E38C1EF} = {AA28FB80-401A-4F1A-89E4-4FA5036635DC}
		{FB147DF5-E90D-4E46-8862-817799547BD8} = {0E380107-B07A-4022-808B-A18999C9ED9A}
		{552F80FC-6682-4086-B343-E5F49166FCA8} = {0E380107-B07A-4022-808B-A18999C9ED9A}
	EndGlobalSection
	GlobalSection(ExtensibilityGlobals) = postSolution
		SolutionGuid = {C447E5A1-9ACD-49F3-B7CA-4EECF4565BFC}
	EndGlobalSection
EndGlobal
